
Microsoft Visual Studio Solution File, Format Version 12.00
# Visual Studio Version 17
VisualStudioVersion = 17.11.35327.3
MinimumVisualStudioVersion = 10.0.40219.1
Project("{FAE04EC0-301F-11D3-BF4B-00C04F79EFBC}") = "WebApiWithDapper", "WebApiWithDapper.csproj", "{8488E8D5-8C2F-4B27-9B25-F3077925A669}"
EndProject
Global
	GlobalSection(SolutionConfigurationPlatforms) = preSolution
		Debug|Any CPU = Debug|Any CPU
		Release|Any CPU = Release|Any CPU
	EndGlobalSection
	GlobalSection(ProjectConfigurationPlatforms) = postSolution
		{8488E8D5-8C2F-4B27-9B25-F3077925A669}.Debug|Any CPU.ActiveCfg = Debug|Any CPU
		{8488E8D5-8C2F-4B27-9B25-F3077925A669}.Debug|Any CPU.Build.0 = Debug|Any CPU
		{8488E8D5-8C2F-4B27-9B25-F3077925A669}.Release|Any CPU.ActiveCfg = Release|Any CPU
		{8488E8D5-8C2F-4B27-9B25-F3077925A669}.Release|Any CPU.Build.0 = Release|Any CPU
	EndGlobalSection
	GlobalSection(SolutionProperties) = preSolution
		HideSolutionNode = FALSE
	EndGlobalSection
	GlobalSection(ExtensibilityGlobals) = postSolution
		SolutionGuid = {ACCB728D-7818-4EFB-9A32-62847B50217E}
	EndGlobalSection
EndGlobal
